github.com/gorilla/mux v1.8.0 h1:i40aqfkR1h2SlN9hojwV5ZA91wcXFOvkdNIeFDP5koI=
github.com/gorilla/mux v1.8.0/go.mod h1:DVbg23sWSpFRCP0SfiEN6jmj59UnW/n46BH5rLB71So=
golang.org/x/text v0.15.0 h1:h1V/4gjBv8v9cjcR6+AR5+/cIYK5N/WAgiv4xlsEtAk=
golang.org/x/text v0.15.0/go.mod h1:18ZOQIKpY8NJVqYksKHtTdi31H5itFRjB5/qKTNYzSU=
grow.graphics/gd v0.0.0-20240507093608-505035d0a0ec h1:ntDAVY6D0dZ6R8BrCx0fiLic8A5hLPajyBNovCCKedI=
grow.graphics/gd v0.0.0-20240507093608-505035d0a0ec/go.mod h1:gN2Juxcj15Ml5Pg0d+1JPKpm9yePccfq7shu7UI2Q8w=
grow.graphics/gd v0.0.0-20240507101630-c44afd68458a h1:H0GQUqq+Gc7BywMvrgC3UliUqhunEm4yV6vO0d8W9p4=
grow.graphics/gd v0.0.0-20240507101630-c44afd68458a/go.mod h1:gN2Juxcj15Ml5Pg0d+1JPKpm9yePccfq7shu7UI2Q8w=
grow.graphics/gd v0.0.0-20240512032421-6cab2dce2af5 h1:Hk0d2vSgUNW31bqGqyjBN12xR6zcQNrRN6Ck2DL0P0c=
grow.graphics/gd v0.0.0-20240512032421-6cab2dce2af5/go.mod h1:KV4ukkUdv+lmYgPCl+S/Ajak3LMT6U4/R9yT+id+xwQ=
grow.graphics/uc v0.0.0-20240128001120-57fde712a2f4 h1:oCxs27eH3FW15+xGaAVsLSp6S9hbZL51sLoSGp5cqIk=
grow.graphics/uc v0.0.0-20240128001120-57fde712a2f4/go.mod h1:rNkUY9tOrmdnN9bjAJkmK8fKT0u6qftXOXitETbIlzo=
grow.graphics/xy v0.0.0-20240129002912-5a525950a952 h1:R1G0S3qugiSbdKLm9rhk74nTZnjQSqalqeP7kyMj8d0=
grow.graphics/xy v0.0.0-20240129002912-5a525950a952/go.mod h1:JwNaWFtFaeSmvp34kveQhSGN8dNowvLlz55K/c9bs1E=
runtime.link v0.0.0-20240428070921-e0d9b4c402dc h1:nOF5WNAID+upQfYiSzq6uLp9mTiq8YQmitM3yaeHr/8=
runtime.link v0.0.0-20240428070921-e0d9b4c402dc/go.mod h1:FmhED1a2pghGm3hqbiieLDDgqq5kI+ZMiQr6rxu0jc8=
runtime.link v0.0.0-20240510041921-494aa7fd7f63 h1:nFAphGy0qjlYCBdEwRGyAheJMd1bZTfn9/8HSnvFAnA=
runtime.link v0.0.0-20240510041921-494aa7fd7f63/go.mod h1:FmhED1a2pghGm3hqbiieLDDgqq5kI+ZMiQr6rxu0jc8=
